// !$*UTF8*$!
{
	archiveVersion = 1;
	classes = {
	};
	objectVersion = 46;
	objects = {

/* Begin PBXBuildFile section */
		990886E01B35A2C50041FA8C /* Images.xcassets in Resources */ = {isa = PBXBuildFile; fileRef = 990886DF1B35A2C50041FA8C /* Images.xcassets */; };
		99214BFA1B299FBF008D23C4 /* AppDelegate.swift in Sources */ = {isa = PBXBuildFile; fileRef = 99214BF91B299FBF008D23C4 /* AppDelegate.swift */; };
		99214BFF1B299FBF008D23C4 /* MainMenu.xib in Resources */ = {isa = PBXBuildFile; fileRef = 99214BFD1B299FBF008D23C4 /* MainMenu.xib */; };
		999815291B2DE736009EA519 /* DataController.swift in Sources */ = {isa = PBXBuildFile; fileRef = 999815281B2DE736009EA519 /* DataController.swift */; };
		9998152C1B2DE7B5009EA519 /* ImageBrowserDataSource.swift in Sources */ = {isa = PBXBuildFile; fileRef = 9998152A1B2DE7B5009EA519 /* ImageBrowserDataSource.swift */; };
		9998152D1B2DE7B5009EA519 /* ImageBrowserItem.swift in Sources */ = {isa = PBXBuildFile; fileRef = 9998152B1B2DE7B5009EA519 /* ImageBrowserItem.swift */; };
		99F376151B2C13EF00C340B4 /* AppController.swift in Sources */ = {isa = PBXBuildFile; fileRef = 99F376141B2C13EF00C340B4 /* AppController.swift */; };
/* End PBXBuildFile section */

/* Begin PBXFileReference section */
		990886DF1B35A2C50041FA8C /* Images.xcassets */ = {isa = PBXFileReference; lastKnownFileType = folder.assetcatalog; path = Images.xcassets; sourceTree = "<group>"; };
		99214BF41B299FBF008D23C4 /* Image As Wallpaper.app */ = {isa = PBXFileReference; explicitFileType = wrapper.application; includeInIndex = 0; path = "Image As Wallpaper.app"; sourceTree = BUILT_PRODUCTS_DIR; };
		99214BF81B299FBF008D23C4 /* Info.plist */ = {isa = PBXFileReference; lastKnownFileType = text.plist.xml; path = Info.plist; sourceTree = "<group>"; };
		99214BF91B299FBF008D23C4 /* AppDelegate.swift */ = {isa = PBXFileReference; lastKnownFileType = sourcecode.swift; path = AppDelegate.swift; sourceTree = "<group>"; };
		99214BFE1B299FBF008D23C4 /* Base */ = {isa = PBXFileReference; lastKnownFileType = file.xib; name = Base; path = Base.lproj/MainMenu.xib; sourceTree = "<group>"; };
		99214C141B29A012008D23C4 /* Image As Wallpaper.entitlements */ = {isa = PBXFileReference; lastKnownFileType = text.xml; path = "Image As Wallpaper.entitlements"; sourceTree = "<group>"; };
		999815281B2DE736009EA519 /* DataController.swift */ = {isa = PBXFileReference; fileEncoding = 4; lastKnownFileType = sourcecode.swift; path = DataController.swift; sourceTree = "<group>"; };
		9998152A1B2DE7B5009EA519 /* ImageBrowserDataSource.swift */ = {isa = PBXFileReference; fileEncoding = 4; lastKnownFileType = sourcecode.swift; path = ImageBrowserDataSource.swift; sourceTree = "<group>"; };
		9998152B1B2DE7B5009EA519 /* ImageBrowserItem.swift */ = {isa = PBXFileReference; fileEncoding = 4; lastKnownFileType = sourcecode.swift; path = ImageBrowserItem.swift; sourceTree = "<group>"; };
		99F376141B2C13EF00C340B4 /* AppController.swift */ = {isa = PBXFileReference; fileEncoding = 4; lastKnownFileType = sourcecode.swift; path = AppController.swift; sourceTree = "<group>"; };
/* End PBXFileReference section */

/* Begin PBXFrameworksBuildPhase section */
		99214BF11B299FBF008D23C4 /* Frameworks */ = {
			isa = PBXFrameworksBuildPhase;
			buildActionMask = 2147483647;
			files = (
			);
			runOnlyForDeploymentPostprocessing = 0;
		};
/* End PBXFrameworksBuildPhase section */

/* Begin PBXGroup section */
		99214BEB1B299FBF008D23C4 = {
			isa = PBXGroup;
			children = (
				99214BF61B299FBF008D23C4 /* Image As Wallpaper */,
				99214BF51B299FBF008D23C4 /* Products */,
			);
			sourceTree = "<group>";
		};
		99214BF51B299FBF008D23C4 /* Products */ = {
			isa = PBXGroup;
			children = (
				99214BF41B299FBF008D23C4 /* Image As Wallpaper.app */,
			);
			name = Products;
			sourceTree = "<group>";
		};
		99214BF61B299FBF008D23C4 /* Image As Wallpaper */ = {
			isa = PBXGroup;
			children = (
				990886DF1B35A2C50041FA8C /* Images.xcassets */,
				999815271B2DD269009EA519 /* DataModel */,
				99214C1F1B29DE90008D23C4 /* GUI */,
				99214C141B29A012008D23C4 /* Image As Wallpaper.entitlements */,
				99214BF71B299FBF008D23C4 /* Supporting Files */,
			);
			path = "Image As Wallpaper";
			sourceTree = "<group>";
		};
		99214BF71B299FBF008D23C4 /* Supporting Files */ = {
			isa = PBXGroup;
			children = (
				99214BF81B299FBF008D23C4 /* Info.plist */,
			);
			name = "Supporting Files";
			sourceTree = "<group>";
		};
		99214C1F1B29DE90008D23C4 /* GUI */ = {
			isa = PBXGroup;
			children = (
				99F376141B2C13EF00C340B4 /* AppController.swift */,
				99214BFD1B299FBF008D23C4 /* MainMenu.xib */,
				99214BF91B299FBF008D23C4 /* AppDelegate.swift */,
			);
			name = GUI;
			sourceTree = "<group>";
		};
		999815271B2DD269009EA519 /* DataModel */ = {
			isa = PBXGroup;
			children = (
				999815281B2DE736009EA519 /* DataController.swift */,
				9998152A1B2DE7B5009EA519 /* ImageBrowserDataSource.swift */,
				9998152B1B2DE7B5009EA519 /* ImageBrowserItem.swift */,
			);
			name = DataModel;
			sourceTree = "<group>";
		};
/* End PBXGroup section */

/* Begin PBXNativeTarget section */
		99214BF31B299FBF008D23C4 /* Image As Wallpaper */ = {
			isa = PBXNativeTarget;
			buildConfigurationList = 99214C0E1B299FBF008D23C4 /* Build configuration list for PBXNativeTarget "Image As Wallpaper" */;
			buildPhases = (
				99214BF01B299FBF008D23C4 /* Sources */,
				99214BF11B299FBF008D23C4 /* Frameworks */,
				99214BF21B299FBF008D23C4 /* Resources */,
			);
			buildRules = (
			);
			dependencies = (
			);
			name = "Image As Wallpaper";
			productName = "Image As Wallpaper";
			productReference = 99214BF41B299FBF008D23C4 /* Image As Wallpaper.app */;
			productType = "com.apple.product-type.application";
		};
/* End PBXNativeTarget section */

/* Begin PBXProject section */
		99214BEC1B299FBF008D23C4 /* Project object */ = {
			isa = PBXProject;
			attributes = {
				LastSwiftMigration = 0700;
				LastSwiftUpdateCheck = 0700;
				LastUpgradeCheck = 0800;
				ORGANIZATIONNAME = "Vladislav Dembskiy";
				TargetAttributes = {
					99214BF31B299FBF008D23C4 = {
						CreatedOnToolsVersion = 6.3.2;
						LastSwiftMigration = 0800;
						SystemCapabilities = {
							com.apple.Sandbox = {
								enabled = 1;
							};
						};
					};
				};
			};
			buildConfigurationList = 99214BEF1B299FBF008D23C4 /* Build configuration list for PBXProject "Image As Wallpaper" */;
			compatibilityVersion = "Xcode 3.2";
			developmentRegion = English;
			hasScannedForEncodings = 0;
			knownRegions = (
				en,
				Base,
			);
			mainGroup = 99214BEB1B299FBF008D23C4;
			productRefGroup = 99214BF51B299FBF008D23C4 /* Products */;
			projectDirPath = "";
			projectRoot = "";
			targets = (
				99214BF31B299FBF008D23C4 /* Image As Wallpaper */,
			);
		};
/* End PBXProject section */

/* Begin PBXResourcesBuildPhase section */
		99214BF21B299FBF008D23C4 /* Resources */ = {
			isa = PBXResourcesBuildPhase;
			buildActionMask = 2147483647;
			files = (
				99214BFF1B299FBF008D23C4 /* MainMenu.xib in Resources */,
				990886E01B35A2C50041FA8C /* Images.xcassets in Resources */,
			);
			runOnlyForDeploymentPostprocessing = 0;
		};
/* End PBXResourcesBuildPhase section */

/* Begin PBXSourcesBuildPhase section */
		99214BF01B299FBF008D23C4 /* Sources */ = {
			isa = PBXSourcesBuildPhase;
			buildActionMask = 2147483647;
			files = (
				999815291B2DE736009EA519 /* DataController.swift in Sources */,
				99214BFA1B299FBF008D23C4 /* AppDelegate.swift in Sources */,
				9998152D1B2DE7B5009EA519 /* ImageBrowserItem.swift in Sources */,
				9998152C1B2DE7B5009EA519 /* ImageBrowserDataSource.swift in Sources */,
				99F376151B2C13EF00C340B4 /* AppController.swift in Sources */,
			);
			runOnlyForDeploymentPostprocessing = 0;
		};
/* End PBXSourcesBuildPhase section */

/* Begin PBXVariantGroup section */
		99214BFD1B299FBF008D23C4 /* MainMenu.xib */ = {
			isa = PBXVariantGroup;
			children = (
				99214BFE1B299FBF008D23C4 /* Base */,
			);
			name = MainMenu.xib;
			sourceTree = "<group>";
		};
/* End PBXVariantGroup section */

/* Begin XCBuildConfiguration section */
		99214C0C1B299FBF008D23C4 /* Debug */ = {
			isa = XCBuildConfiguration;
			buildSettings = {
				ALWAYS_SEARCH_USER_PATHS = NO;
				ASSETCATALOG_COMPILER_APPICON_NAME = AppIcon;
				CLANG_CXX_LANGUAGE_STANDARD = "gnu++0x";
				CLANG_CXX_LIBRARY = "libc++";
				CLANG_ENABLE_MODULES = YES;
				CLANG_ENABLE_OBJC_ARC = YES;
				CLANG_WARN_BOOL_CONVERSION = YES;
				CLANG_WARN_CONSTANT_CONVERSION = YES;
				CLANG_WARN_DIRECT_OBJC_ISA_USAGE = YES_ERROR;
				CLANG_WARN_EMPTY_BODY = YES;
				CLANG_WARN_ENUM_CONVERSION = YES;
				CLANG_WARN_INFINITE_RECURSION = YES;
				CLANG_WARN_INT_CONVERSION = YES;
				CLANG_WARN_OBJC_ROOT_CLASS = YES_ERROR;
				CLANG_WARN_SUSPICIOUS_MOVE = YES;
				CLANG_WARN_UNREACHABLE_CODE = YES;
				CLANG_WARN__DUPLICATE_METHOD_MATCH = YES;
				CODE_SIGN_IDENTITY = "-";
				COMBINE_HIDPI_IMAGES = YES;
				COPY_PHASE_STRIP = NO;
				DEBUG_INFORMATION_FORMAT = dwarf;
				ENABLE_STRICT_OBJC_MSGSEND = YES;
				ENABLE_TESTABILITY = YES;
				GCC_C_LANGUAGE_STANDARD = gnu99;
				GCC_DYNAMIC_NO_PIC = NO;
				GCC_NO_COMMON_BLOCKS = YES;
				GCC_OPTIMIZATION_LEVEL = 0;
				GCC_PREPROCESSOR_DEFINITIONS = (
					"DEBUG=1",
					"$(inherited)",
				);
				GCC_SYMBOLS_PRIVATE_EXTERN = NO;
				GCC_WARN_64_TO_32_BIT_CONVERSION = YES;
				GCC_WARN_ABOUT_RETURN_TYPE = YES_ERROR;
				GCC_WARN_UNDECLARED_SELECTOR = YES;
				GCC_WARN_UNINITIALIZED_AUTOS = YES_AGGRESSIVE;
				GCC_WARN_UNUSED_FUNCTION = YES;
				GCC_WARN_UNUSED_VARIABLE = YES;
				MACOSX_DEPLOYMENT_TARGET = 10.10;
				MTL_ENABLE_DEBUG_INFO = YES;
				ONLY_ACTIVE_ARCH = YES;
				SDKROOT = macosx;
				SWIFT_OPTIMIZATION_LEVEL = "-Owholemodule";
			};
			name = Debug;
		};
		99214C0D1B299FBF008D23C4 /* Release */ = {
			isa = XCBuildConfiguration;
			buildSettings = {
				ALWAYS_SEARCH_USER_PATHS = NO;
				ASSETCATALOG_COMPILER_APPICON_NAME = AppIcon;
				CLANG_CXX_LANGUAGE_STANDARD = "gnu++0x";
				CLANG_CXX_LIBRARY = "libc++";
				CLANG_ENABLE_MODULES = YES;
				CLANG_ENABLE_OBJC_ARC = YES;
				CLANG_WARN_BOOL_CONVERSION = YES;
				CLANG_WARN_CONSTANT_CONVERSION = YES;
				CLANG_WARN_DIRECT_OBJC_ISA_USAGE = YES_ERROR;
				CLANG_WARN_EMPTY_BODY = YES;
				CLANG_WARN_ENUM_CONVERSION = YES;
				CLANG_WARN_INFINITE_RECURSION = YES;
				CLANG_WARN_INT_CONVERSION = YES;
				CLANG_WARN_OBJC_ROOT_CLASS = YES_ERROR;
				CLANG_WARN_SUSPICIOUS_MOVE = YES;
				CLANG_WARN_UNREACHABLE_CODE = YES;
				CLANG_WARN__DUPLICATE_METHOD_MATCH = YES;
				CODE_SIGN_IDENTITY = "-";
				COMBINE_HIDPI_IMAGES = YES;
				COPY_PHASE_STRIP = NO;
				DEBUG_INFORMATION_FORMAT = "dwarf-with-dsym";
				ENABLE_NS_ASSERTIONS = NO;
				ENABLE_STRICT_OBJC_MSGSEND = YES;
				GCC_C_LANGUAGE_STANDARD = gnu99;
				GCC_NO_COMMON_BLOCKS = YES;
				GCC_WARN_64_TO_32_BIT_CONVERSION = YES;
				GCC_WARN_ABOUT_RETURN_TYPE = YES_ERROR;
				GCC_WARN_UNDECLARED_SELECTOR = YES;
				GCC_WARN_UNINITIALIZED_AUTOS = YES_AGGRESSIVE;
				GCC_WARN_UNUSED_FUNCTION = YES;
				GCC_WARN_UNUSED_VARIABLE = YES;
				MACOSX_DEPLOYMENT_TARGET = 10.10;
				MTL_ENABLE_DEBUG_INFO = NO;
				ONLY_ACTIVE_ARCH = YES;
				SDKROOT = macosx;
				SWIFT_OPTIMIZATION_LEVEL = "-Owholemodule";
			};
			name = Release;
		};
		99214C0F1B299FBF008D23C4 /* Debug */ = {
			isa = XCBuildConfiguration;
			buildSettings = {
				ASSETCATALOG_COMPILER_APPICON_NAME = AppIcon;
				CODE_SIGN_ENTITLEMENTS = "Image As Wallpaper/Image As Wallpaper.entitlements";
				COMBINE_HIDPI_IMAGES = YES;
				INFOPLIST_FILE = "Image As Wallpaper/Info.plist";
				LD_RUNPATH_SEARCH_PATHS = "$(inherited) @executable_path/../Frameworks";
				PRODUCT_BUNDLE_IDENTIFIER = "Individual-Development.$(PRODUCT_NAME:rfc1034identifier)";
				PRODUCT_NAME = "$(TARGET_NAME)";
				SWIFT_VERSION = 3.0;
			};
			name = Debug;
		};
		99214C101B299FBF008D23C4 /* Release */ = {
			isa = XCBuildConfiguration;
			buildSettings = {
				ASSETCATALOG_COMPILER_APPICON_NAME = AppIcon;
				CODE_SIGN_ENTITLEMENTS = "Image As Wallpaper/Image As Wallpaper.entitlements";
				COMBINE_HIDPI_IMAGES = YES;
				INFOPLIST_FILE = "Image As Wallpaper/Info.plist";
				LD_RUNPATH_SEARCH_PATHS = "$(inherited) @executable_path/../Frameworks";
				PRODUCT_BUNDLE_IDENTIFIER = "Individual-Development.$(PRODUCT_NAME:rfc1034identifier)";
				PRODUCT_NAME = "$(TARGET_NAME)";
				SWIFT_VERSION = 3.0;
			};
			name = Release;
		};
/* End XCBuildConfiguration section */

/* Begin XCConfigurationList section */
		99214BEF1B299FBF008D23C4 /* Build configuration list for PBXProject "Image As Wallpaper" */ = {
			isa = XCConfigurationList;
			buildConfigurations = (
				99214C0C1B299FBF008D23C4 /* Debug */,
				99214C0D1B299FBF008D23C4 /* Release */,
			);
			defaultConfigurationIsVisible = 0;
			defaultConfigurationName = Release;
		};
		99214C0E1B299FBF008D23C4 /* Build configuration list for PBXNativeTarget "Image As Wallpaper" */ = {
			isa = XCConfigurationList;
			buildConfigurations = (
				99214C0F1B299FBF008D23C4 /* Debug */,
				99214C101B299FBF008D23C4 /* Release */,
			);
			defaultConfigurationIsVisible = 0;
			defaultConfigurationName = Release;
		};
/* End XCConfigurationList section */
	};
	rootObject = 99214BEC1B299FBF008D23C4 /* Project object */;
}
